PODS:
  - CleverTap-iOS-SDK (6.2.1):
    - SDWebImage (~> 5.11)
  - clevertap_plugin (2.4.0):
    - CleverTap-iOS-SDK (= 6.2.1)
    - Flutter
  - CTNotificationContent (0.2.7)
  - CTNotificationService (0.1.7)
  - Flutter (1.0.0)
  - SDWebImage (5.19.4):
    - SDWebImage/Core (= 5.19.4)
  - SDWebImage/Core (5.19.4)

DEPENDENCIES:
  - CleverTap-iOS-SDK (= 6.2.1)
  - clevertap_plugin (from `.symlinks/plugins/clevertap_plugin/ios`)
  - CTNotificationContent
  - CTNotificationService
  - Flutter (from `Flutter`)

SPEC REPOS:
  trunk:
    - CleverTap-iOS-SDK
    - CTNotificationContent
    - CTNotificationService
    - SDWebImage

EXTERNAL SOURCES:
  clevertap_plugin:
    :path: ".symlinks/plugins/clevertap_plugin/ios"
  Flutter:
    :path: Flutter

SPEC CHECKSUMS:
  CleverTap-iOS-SDK: 78ea6d752d84918f0426f7b3959777d862bcb348
  clevertap_plugin: 81d30133ce84661238d3dc02d1321e15cfe46e12
  CTNotificationContent: 149ec0d68884bf26ef0c045199f6a4e1b5a22dfd
  CTNotificationService: 3eceea27cf0e28a2e14267bb706013363eb620c6
  Flutter: e0871f40cf51350855a761d2e70bf5af5b9b5de7
  SDWebImage: 066c47b573f408f18caa467d71deace7c0f8280d

PODFILE CHECKSUM: ee62b8554df43e967ef4ae51f2e0a0f5648c6ed3

COCOAPODS: 1.14.3
