PODS:
  - CleverTap-iOS-SDK (6.2.1):
    - SDWebImage (~> 5.11)
  - clevertap_plugin (2.4.0):
    - CleverTap-iOS-SDK (= 6.2.1)
    - Flutter
  - CTNotificationContent (0.2.7)
  - CTNotificationService (0.1.7)
  - Flutter (1.0.0)
  - SDWebImage (5.19.4):
    - SDWebImage/Core (= 5.19.4)
  - SDWebImage/Core (5.19.4)
  - shared_preference_app_group (1.0.0):
    - Flutter
  - shared_preferences_foundation (0.0.1):
    - Flutter
    - FlutterMacOS
  - uni_links (0.0.1):
    - Flutter
  - url_launcher_ios (0.0.1):
    - Flutter

DEPENDENCIES:
  - CleverTap-iOS-SDK (= 6.2.1)
  - clevertap_plugin (from `.symlinks/plugins/clevertap_plugin/ios`)
  - CTNotificationContent
  - CTNotificationService
  - Flutter (from `Flutter`)
  - shared_preference_app_group (from `.symlinks/plugins/shared_preference_app_group/ios`)
  - shared_preferences_foundation (from `.symlinks/plugins/shared_preferences_foundation/darwin`)
  - uni_links (from `.symlinks/plugins/uni_links/ios`)
  - url_launcher_ios (from `.symlinks/plugins/url_launcher_ios/ios`)

SPEC REPOS:
  trunk:
    - CleverTap-iOS-SDK
    - CTNotificationContent
    - CTNotificationService
    - SDWebImage

EXTERNAL SOURCES:
  clevertap_plugin:
    :path: ".symlinks/plugins/clevertap_plugin/ios"
  Flutter:
    :path: Flutter
  shared_preference_app_group:
    :path: ".symlinks/plugins/shared_preference_app_group/ios"
  shared_preferences_foundation:
    :path: ".symlinks/plugins/shared_preferences_foundation/darwin"
  uni_links:
    :path: ".symlinks/plugins/uni_links/ios"
  url_launcher_ios:
    :path: ".symlinks/plugins/url_launcher_ios/ios"

SPEC CHECKSUMS:
  CleverTap-iOS-SDK: 78ea6d752d84918f0426f7b3959777d862bcb348
  clevertap_plugin: 81d30133ce84661238d3dc02d1321e15cfe46e12
  CTNotificationContent: 149ec0d68884bf26ef0c045199f6a4e1b5a22dfd
  CTNotificationService: 3eceea27cf0e28a2e14267bb706013363eb620c6
  Flutter: e0871f40cf51350855a761d2e70bf5af5b9b5de7
  SDWebImage: 066c47b573f408f18caa467d71deace7c0f8280d
  shared_preference_app_group: 46aee3873e1da581d4904bece9876596d7f66725
  shared_preferences_foundation: fcdcbc04712aee1108ac7fda236f363274528f78
  uni_links: d97da20c7701486ba192624d99bffaaffcfc298a
  url_launcher_ios: 5334b05cef931de560670eeae103fd3e431ac3fe

PODFILE CHECKSUM: ee62b8554df43e967ef4ae51f2e0a0f5648c6ed3

COCOAPODS: 1.14.3
